{
  "version": 4,
  "terraform_version": "1.9.3",
  "serial": 1,
  "lineage": "f634486b-7fdc-2004-7176-89b6fa081ff1",
  "outputs": {},
  "resources": [
    {
      "mode": "managed",
      "type": "spotify_playlist",
      "name": "Marathi",
      "provider": "provider[\"registry.terraform.io/conradludgate/spotify\"]",
      "instances": [
        {
          "schema_version": 0,
          "attributes": {
            "description": null,
            "id": "7CEjcr2PYSPKKQ13wCNRCU",
            "name": "Marathi_Songs",
            "public": true,
            "snapshot_id": "AAAAAkNWzK4BK09TSTnwFn7u9KMsIehM",
            "tracks": [
              "14M0pSvqNEhPdByBNw159R"
            ]
          },
          "sensitive_attributes": [],
          "private": "bnVsbA=="
        }
      ]
    }
  ],
  "check_results": null
}
